
Microsoft Visual Studio Solution File, Format Version 11.00
# Visual Studio 2010
Project("{FAE04EC0-301F-11D3-BF4B-00C04F79EFBC}") = "Captains_Log", "WebApplication3\Captains_Log.csproj", "{D4B21427-908E-432B-BBE8-AAF9E212CD9D}"
EndProject
Global
	GlobalSection(SolutionConfigurationPlatforms) = preSolution
		Debug|Any CPU = Debug|Any CPU
		Release|Any CPU = Release|Any CPU
	EndGlobalSection
	GlobalSection(ProjectConfigurationPlatforms) = postSolution
		{D4B21427-908E-432B-BBE8-AAF9E212CD9D}.Debug|Any CPU.ActiveCfg = Debug|Any CPU
		{D4B21427-908E-432B-BBE8-AAF9E212CD9D}.Debug|Any CPU.Build.0 = Debug|Any CPU
		{D4B21427-908E-432B-BBE8-AAF9E212CD9D}.Release|Any CPU.ActiveCfg = Release|Any CPU
		{D4B21427-908E-432B-BBE8-AAF9E212CD9D}.Release|Any CPU.Build.0 = Release|Any CPU
	EndGlobalSection
	GlobalSection(SolutionProperties) = preSolution
		HideSolutionNode = FALSE
	EndGlobalSection
EndGlobal
